
Microsoft Visual Studio Solution File, Format Version 12.00
# Visual Studio Version 17
VisualStudioVersion = 17.5.33516.290
MinimumVisualStudioVersion = 10.0.40219.1
Project("{FAE04EC0-301F-11D3-BF4B-00C04F79EFBC}") = "Application", "Application\Application.csproj", "{A91CB21D-8564-4600-9091-D7CE63C58A38}"
EndProject
Project("{FAE04EC0-301F-11D3-BF4B-00C04F79EFBC}") = "Persistence", "Persistence\Persistence.csproj", "{D6117BDF-8CC0-4511-9FCA-CBC06492C19E}"
EndProject
Project("{FAE04EC0-301F-11D3-BF4B-00C04F79EFBC}") = "Domain", "Domain\Domain.csproj", "{AA76518B-29F9-410C-8E82-83ED89EAB5BD}"
EndProject
Project("{FAE04EC0-301F-11D3-BF4B-00C04F79EFBC}") = "API", "API\API.csproj", "{61F4255F-0721-405B-BDD4-0BB7AD3C856B}"
EndProject
Global
	GlobalSection(SolutionConfigurationPlatforms) = preSolution
		Debug|Any CPU = Debug|Any CPU
		Release|Any CPU = Release|Any CPU
	EndGlobalSection
	GlobalSection(ProjectConfigurationPlatforms) = postSolution
		{A91CB21D-8564-4600-9091-D7CE63C58A38}.Debug|Any CPU.ActiveCfg = Debug|Any CPU
		{A91CB21D-8564-4600-9091-D7CE63C58A38}.Debug|Any CPU.Build.0 = Debug|Any CPU
		{A91CB21D-8564-4600-9091-D7CE63C58A38}.Release|Any CPU.ActiveCfg = Release|Any CPU
		{A91CB21D-8564-4600-9091-D7CE63C58A38}.Release|Any CPU.Build.0 = Release|Any CPU
		{D6117BDF-8CC0-4511-9FCA-CBC06492C19E}.Debug|Any CPU.ActiveCfg = Debug|Any CPU
		{D6117BDF-8CC0-4511-9FCA-CBC06492C19E}.Debug|Any CPU.Build.0 = Debug|Any CPU
		{D6117BDF-8CC0-4511-9FCA-CBC06492C19E}.Release|Any CPU.ActiveCfg = Release|Any CPU
		{D6117BDF-8CC0-4511-9FCA-CBC06492C19E}.Release|Any CPU.Build.0 = Release|Any CPU
		{AA76518B-29F9-410C-8E82-83ED89EAB5BD}.Debug|Any CPU.ActiveCfg = Debug|Any CPU
		{AA76518B-29F9-410C-8E82-83ED89EAB5BD}.Debug|Any CPU.Build.0 = Debug|Any CPU
		{AA76518B-29F9-410C-8E82-83ED89EAB5BD}.Release|Any CPU.ActiveCfg = Release|Any CPU
		{AA76518B-29F9-410C-8E82-83ED89EAB5BD}.Release|Any CPU.Build.0 = Release|Any CPU
		{61F4255F-0721-405B-BDD4-0BB7AD3C856B}.Debug|Any CPU.ActiveCfg = Debug|Any CPU
		{61F4255F-0721-405B-BDD4-0BB7AD3C856B}.Debug|Any CPU.Build.0 = Debug|Any CPU
		{61F4255F-0721-405B-BDD4-0BB7AD3C856B}.Release|Any CPU.ActiveCfg = Release|Any CPU
		{61F4255F-0721-405B-BDD4-0BB7AD3C856B}.Release|Any CPU.Build.0 = Release|Any CPU
	EndGlobalSection
	GlobalSection(SolutionProperties) = preSolution
		HideSolutionNode = FALSE
	EndGlobalSection
	GlobalSection(ExtensibilityGlobals) = postSolution
		SolutionGuid = {7EF040D4-C541-4520-B256-315A0EFF22D4}
	EndGlobalSection
EndGlobal
